
Microsoft Visual Studio Solution File, Format Version 12.00
# Visual Studio 15
VisualStudioVersion = 15.0.28307.539
MinimumVisualStudioVersion = 10.0.40219.1
Project("{FAE04EC0-301F-11D3-BF4B-00C04F79EFBC}") = "BinarySearch_Words", "BinarySearch_Words\BinarySearch_Words.csproj", "{444DD552-300C-4F34-83EE-D5F37D35D5AB}"
EndProject
Global
	GlobalSection(SolutionConfigurationPlatforms) = preSolution
		Debug|Any CPU = Debug|Any CPU
		Release|Any CPU = Release|Any CPU
	EndGlobalSection
	GlobalSection(ProjectConfigurationPlatforms) = postSolution
		{444DD552-300C-4F34-83EE-D5F37D35D5AB}.Debug|Any CPU.ActiveCfg = Debug|Any CPU
		{444DD552-300C-4F34-83EE-D5F37D35D5AB}.Debug|Any CPU.Build.0 = Debug|Any CPU
		{444DD552-300C-4F34-83EE-D5F37D35D5AB}.Release|Any CPU.ActiveCfg = Release|Any CPU
		{444DD552-300C-4F34-83EE-D5F37D35D5AB}.Release|Any CPU.Build.0 = Release|Any CPU
	EndGlobalSection
	GlobalSection(SolutionProperties) = preSolution
		HideSolutionNode = FALSE
	EndGlobalSection
	GlobalSection(ExtensibilityGlobals) = postSolution
		SolutionGuid = {165FA7B6-48F5-481E-BCB8-FCC555A1411A}
	EndGlobalSection
EndGlobal
